
Microsoft Visual Studio Solution File, Format Version 12.00
# Visual Studio Version 17
VisualStudioVersion = 17.11.35219.272
MinimumVisualStudioVersion = 10.0.40219.1
Project("{9A19103F-16F7-4668-BE54-9A1E7A4F7556}") = "Task 1-2", "Lab1\Task 1-2.csproj", "{F9087028-B1A9-482F-A99C-D77C80690EF9}"
EndProject
Project("{9A19103F-16F7-4668-BE54-9A1E7A4F7556}") = "Task 3-4", "Lab2\Lab2\Task 3-4.csproj", "{FE44CC39-E5F6-4676-B126-63B4925530ED}"
EndProject
Project("{9A19103F-16F7-4668-BE54-9A1E7A4F7556}") = "Task 5-6", "Lab3\Lab3\Task 5-6.csproj", "{602656E9-B695-468D-9D84-E9457F0544B0}"
EndProject
Project("{FAE04EC0-301F-11D3-BF4B-00C04F79EFBC}") = "Task 7-8", "Task 7-8\Task 7-8.csproj", "{590AC3EB-488B-4E31-94BC-3D89E27A0575}"
EndProject
Global
	GlobalSection(SolutionConfigurationPlatforms) = preSolution
		Debug|Any CPU = Debug|Any CPU
		Release|Any CPU = Release|Any CPU
	EndGlobalSection
	GlobalSection(ProjectConfigurationPlatforms) = postSolution
		{F9087028-B1A9-482F-A99C-D77C80690EF9}.Debug|Any CPU.ActiveCfg = Debug|Any CPU
		{F9087028-B1A9-482F-A99C-D77C80690EF9}.Debug|Any CPU.Build.0 = Debug|Any CPU
		{F9087028-B1A9-482F-A99C-D77C80690EF9}.Release|Any CPU.ActiveCfg = Release|Any CPU
		{F9087028-B1A9-482F-A99C-D77C80690EF9}.Release|Any CPU.Build.0 = Release|Any CPU
		{FE44CC39-E5F6-4676-B126-63B4925530ED}.Debug|Any CPU.ActiveCfg = Debug|Any CPU
		{FE44CC39-E5F6-4676-B126-63B4925530ED}.Debug|Any CPU.Build.0 = Debug|Any CPU
		{FE44CC39-E5F6-4676-B126-63B4925530ED}.Release|Any CPU.ActiveCfg = Release|Any CPU
		{FE44CC39-E5F6-4676-B126-63B4925530ED}.Release|Any CPU.Build.0 = Release|Any CPU
		{602656E9-B695-468D-9D84-E9457F0544B0}.Debug|Any CPU.ActiveCfg = Debug|Any CPU
		{602656E9-B695-468D-9D84-E9457F0544B0}.Debug|Any CPU.Build.0 = Debug|Any CPU
		{602656E9-B695-468D-9D84-E9457F0544B0}.Release|Any CPU.ActiveCfg = Release|Any CPU
		{602656E9-B695-468D-9D84-E9457F0544B0}.Release|Any CPU.Build.0 = Release|Any CPU
		{590AC3EB-488B-4E31-94BC-3D89E27A0575}.Debug|Any CPU.ActiveCfg = Debug|Any CPU
		{590AC3EB-488B-4E31-94BC-3D89E27A0575}.Debug|Any CPU.Build.0 = Debug|Any CPU
		{590AC3EB-488B-4E31-94BC-3D89E27A0575}.Release|Any CPU.ActiveCfg = Release|Any CPU
		{590AC3EB-488B-4E31-94BC-3D89E27A0575}.Release|Any CPU.Build.0 = Release|Any CPU
	EndGlobalSection
	GlobalSection(SolutionProperties) = preSolution
		HideSolutionNode = FALSE
	EndGlobalSection
	GlobalSection(ExtensibilityGlobals) = postSolution
		SolutionGuid = {C6464F1C-B369-49A2-AB40-8A3305845A4A}
	EndGlobalSection
EndGlobal
