
Microsoft Visual Studio Solution File, Format Version 12.00
# Visual Studio Version 17
VisualStudioVersion = 17.11.35219.272
MinimumVisualStudioVersion = 10.0.40219.1
Project("{FAE04EC0-301F-11D3-BF4B-00C04F79EFBC}") = "Task_1-2", "Task_1-2\Task_1-2.csproj", "{55F6DC48-20A4-4FB2-A95E-F0667EA1247D}"
EndProject
Global
	GlobalSection(SolutionConfigurationPlatforms) = preSolution
		Debug|Any CPU = Debug|Any CPU
		Release|Any CPU = Release|Any CPU
	EndGlobalSection
	GlobalSection(ProjectConfigurationPlatforms) = postSolution
		{55F6DC48-20A4-4FB2-A95E-F0667EA1247D}.Debug|Any CPU.ActiveCfg = Debug|Any CPU
		{55F6DC48-20A4-4FB2-A95E-F0667EA1247D}.Debug|Any CPU.Build.0 = Debug|Any CPU
		{55F6DC48-20A4-4FB2-A95E-F0667EA1247D}.Release|Any CPU.ActiveCfg = Release|Any CPU
		{55F6DC48-20A4-4FB2-A95E-F0667EA1247D}.Release|Any CPU.Build.0 = Release|Any CPU
	EndGlobalSection
	GlobalSection(SolutionProperties) = preSolution
		HideSolutionNode = FALSE
	EndGlobalSection
	GlobalSection(ExtensibilityGlobals) = postSolution
		SolutionGuid = {98387000-E3C1-4396-AD66-FBF47371096B}
	EndGlobalSection
EndGlobal
