
Microsoft Visual Studio Solution File, Format Version 12.00
# Visual Studio Version 17
VisualStudioVersion = 17.11.35219.272
MinimumVisualStudioVersion = 10.0.40219.1
Project("{FAE04EC0-301F-11D3-BF4B-00C04F79EFBC}") = "Task_1", "Task_1\Task_1.csproj", "{CD1D2FF2-D9E8-4F5D-AF7A-A513F425A0E8}"
EndProject
Project("{FAE04EC0-301F-11D3-BF4B-00C04F79EFBC}") = "Task_2", "Task_2\Task_2.csproj", "{34A620EE-5B0C-4575-9212-884E01ED7F24}"
EndProject
Project("{FAE04EC0-301F-11D3-BF4B-00C04F79EFBC}") = "Task_3", "Task_3\Task_3.csproj", "{1B574FD8-D150-4886-AF69-5262C55188BA}"
EndProject
Project("{FAE04EC0-301F-11D3-BF4B-00C04F79EFBC}") = "Task_4", "Task_4\Task_4.csproj", "{746BE13B-79B7-481E-B2C9-397BD73EA103}"
EndProject
Project("{FAE04EC0-301F-11D3-BF4B-00C04F79EFBC}") = "Task_5-6", "Task_5-6\Task_5-6.csproj", "{86707758-68CD-49A6-94A7-53F95E87166C}"
EndProject
Global
	GlobalSection(SolutionConfigurationPlatforms) = preSolution
		Debug|Any CPU = Debug|Any CPU
		Release|Any CPU = Release|Any CPU
	EndGlobalSection
	GlobalSection(ProjectConfigurationPlatforms) = postSolution
		{CD1D2FF2-D9E8-4F5D-AF7A-A513F425A0E8}.Debug|Any CPU.ActiveCfg = Debug|Any CPU
		{CD1D2FF2-D9E8-4F5D-AF7A-A513F425A0E8}.Debug|Any CPU.Build.0 = Debug|Any CPU
		{CD1D2FF2-D9E8-4F5D-AF7A-A513F425A0E8}.Release|Any CPU.ActiveCfg = Release|Any CPU
		{CD1D2FF2-D9E8-4F5D-AF7A-A513F425A0E8}.Release|Any CPU.Build.0 = Release|Any CPU
		{34A620EE-5B0C-4575-9212-884E01ED7F24}.Debug|Any CPU.ActiveCfg = Debug|Any CPU
		{34A620EE-5B0C-4575-9212-884E01ED7F24}.Debug|Any CPU.Build.0 = Debug|Any CPU
		{34A620EE-5B0C-4575-9212-884E01ED7F24}.Release|Any CPU.ActiveCfg = Release|Any CPU
		{34A620EE-5B0C-4575-9212-884E01ED7F24}.Release|Any CPU.Build.0 = Release|Any CPU
		{1B574FD8-D150-4886-AF69-5262C55188BA}.Debug|Any CPU.ActiveCfg = Debug|Any CPU
		{1B574FD8-D150-4886-AF69-5262C55188BA}.Debug|Any CPU.Build.0 = Debug|Any CPU
		{1B574FD8-D150-4886-AF69-5262C55188BA}.Release|Any CPU.ActiveCfg = Release|Any CPU
		{1B574FD8-D150-4886-AF69-5262C55188BA}.Release|Any CPU.Build.0 = Release|Any CPU
		{746BE13B-79B7-481E-B2C9-397BD73EA103}.Debug|Any CPU.ActiveCfg = Debug|Any CPU
		{746BE13B-79B7-481E-B2C9-397BD73EA103}.Debug|Any CPU.Build.0 = Debug|Any CPU
		{746BE13B-79B7-481E-B2C9-397BD73EA103}.Release|Any CPU.ActiveCfg = Release|Any CPU
		{746BE13B-79B7-481E-B2C9-397BD73EA103}.Release|Any CPU.Build.0 = Release|Any CPU
		{86707758-68CD-49A6-94A7-53F95E87166C}.Debug|Any CPU.ActiveCfg = Debug|Any CPU
		{86707758-68CD-49A6-94A7-53F95E87166C}.Debug|Any CPU.Build.0 = Debug|Any CPU
		{86707758-68CD-49A6-94A7-53F95E87166C}.Release|Any CPU.ActiveCfg = Release|Any CPU
		{86707758-68CD-49A6-94A7-53F95E87166C}.Release|Any CPU.Build.0 = Release|Any CPU
	EndGlobalSection
	GlobalSection(SolutionProperties) = preSolution
		HideSolutionNode = FALSE
	EndGlobalSection
	GlobalSection(ExtensibilityGlobals) = postSolution
		SolutionGuid = {876CE8DA-0617-47FC-9431-CDF76F4990A3}
	EndGlobalSection
EndGlobal
