
Microsoft Visual Studio Solution File, Format Version 12.00
# Visual Studio Version 17
VisualStudioVersion = 17.11.35219.272
MinimumVisualStudioVersion = 10.0.40219.1
Project("{FAE04EC0-301F-11D3-BF4B-00C04F79EFBC}") = "Task_1-2", "Task_1-2\Task_1-2.csproj", "{DBFDED08-783A-4F7C-A046-0DF6744BDCD5}"
EndProject
Project("{FAE04EC0-301F-11D3-BF4B-00C04F79EFBC}") = "Task_3-4", "Task_3-4\Task_3-4.csproj", "{2A2429F6-5C8C-4C90-B761-2635D86D434B}"
EndProject
Project("{FAE04EC0-301F-11D3-BF4B-00C04F79EFBC}") = "Task_5-6", "Task_5-6\Task_5-6.csproj", "{7DCF8D92-F523-425E-BEA8-8322D8ACE6F8}"
EndProject
Project("{FAE04EC0-301F-11D3-BF4B-00C04F79EFBC}") = "Task_7-8", "Task_7-8\Task_7-8.csproj", "{2613B91B-1706-480B-B8F0-CD5F026EE311}"
EndProject
Global
	GlobalSection(SolutionConfigurationPlatforms) = preSolution
		Debug|Any CPU = Debug|Any CPU
		Release|Any CPU = Release|Any CPU
	EndGlobalSection
	GlobalSection(ProjectConfigurationPlatforms) = postSolution
		{DBFDED08-783A-4F7C-A046-0DF6744BDCD5}.Debug|Any CPU.ActiveCfg = Debug|Any CPU
		{DBFDED08-783A-4F7C-A046-0DF6744BDCD5}.Debug|Any CPU.Build.0 = Debug|Any CPU
		{DBFDED08-783A-4F7C-A046-0DF6744BDCD5}.Release|Any CPU.ActiveCfg = Release|Any CPU
		{DBFDED08-783A-4F7C-A046-0DF6744BDCD5}.Release|Any CPU.Build.0 = Release|Any CPU
		{2A2429F6-5C8C-4C90-B761-2635D86D434B}.Debug|Any CPU.ActiveCfg = Debug|Any CPU
		{2A2429F6-5C8C-4C90-B761-2635D86D434B}.Debug|Any CPU.Build.0 = Debug|Any CPU
		{2A2429F6-5C8C-4C90-B761-2635D86D434B}.Release|Any CPU.ActiveCfg = Release|Any CPU
		{2A2429F6-5C8C-4C90-B761-2635D86D434B}.Release|Any CPU.Build.0 = Release|Any CPU
		{7DCF8D92-F523-425E-BEA8-8322D8ACE6F8}.Debug|Any CPU.ActiveCfg = Debug|Any CPU
		{7DCF8D92-F523-425E-BEA8-8322D8ACE6F8}.Debug|Any CPU.Build.0 = Debug|Any CPU
		{7DCF8D92-F523-425E-BEA8-8322D8ACE6F8}.Release|Any CPU.ActiveCfg = Release|Any CPU
		{7DCF8D92-F523-425E-BEA8-8322D8ACE6F8}.Release|Any CPU.Build.0 = Release|Any CPU
		{2613B91B-1706-480B-B8F0-CD5F026EE311}.Debug|Any CPU.ActiveCfg = Debug|Any CPU
		{2613B91B-1706-480B-B8F0-CD5F026EE311}.Debug|Any CPU.Build.0 = Debug|Any CPU
		{2613B91B-1706-480B-B8F0-CD5F026EE311}.Release|Any CPU.ActiveCfg = Release|Any CPU
		{2613B91B-1706-480B-B8F0-CD5F026EE311}.Release|Any CPU.Build.0 = Release|Any CPU
	EndGlobalSection
	GlobalSection(SolutionProperties) = preSolution
		HideSolutionNode = FALSE
	EndGlobalSection
	GlobalSection(ExtensibilityGlobals) = postSolution
		SolutionGuid = {896E5ACA-A940-42B5-844C-AAEECDDC5D47}
	EndGlobalSection
EndGlobal
