
Microsoft Visual Studio Solution File, Format Version 12.00
# Visual Studio Version 17
VisualStudioVersion = 17.11.35219.272
MinimumVisualStudioVersion = 10.0.40219.1
Project("{9A19103F-16F7-4668-BE54-9A1E7A4F7556}") = "Task_1-2", "Task_1-2\Task_1-2.csproj", "{5EF59DB6-74DA-48B2-8CFF-5FEE2B05D5D5}"
EndProject
Project("{FAE04EC0-301F-11D3-BF4B-00C04F79EFBC}") = "Task_3", "Task_3\Task_3.csproj", "{18AF3022-F6B3-4F67-B9B7-D59B7EC557DD}"
EndProject
Project("{FAE04EC0-301F-11D3-BF4B-00C04F79EFBC}") = "Task_4", "Task_4\Task_4.csproj", "{1B5BF75D-A275-437E-A648-E652A526D76B}"
EndProject
Global
	GlobalSection(SolutionConfigurationPlatforms) = preSolution
		Debug|Any CPU = Debug|Any CPU
		Release|Any CPU = Release|Any CPU
	EndGlobalSection
	GlobalSection(ProjectConfigurationPlatforms) = postSolution
		{5EF59DB6-74DA-48B2-8CFF-5FEE2B05D5D5}.Debug|Any CPU.ActiveCfg = Debug|Any CPU
		{5EF59DB6-74DA-48B2-8CFF-5FEE2B05D5D5}.Debug|Any CPU.Build.0 = Debug|Any CPU
		{5EF59DB6-74DA-48B2-8CFF-5FEE2B05D5D5}.Release|Any CPU.ActiveCfg = Release|Any CPU
		{5EF59DB6-74DA-48B2-8CFF-5FEE2B05D5D5}.Release|Any CPU.Build.0 = Release|Any CPU
		{18AF3022-F6B3-4F67-B9B7-D59B7EC557DD}.Debug|Any CPU.ActiveCfg = Debug|Any CPU
		{18AF3022-F6B3-4F67-B9B7-D59B7EC557DD}.Debug|Any CPU.Build.0 = Debug|Any CPU
		{18AF3022-F6B3-4F67-B9B7-D59B7EC557DD}.Release|Any CPU.ActiveCfg = Release|Any CPU
		{18AF3022-F6B3-4F67-B9B7-D59B7EC557DD}.Release|Any CPU.Build.0 = Release|Any CPU
		{1B5BF75D-A275-437E-A648-E652A526D76B}.Debug|Any CPU.ActiveCfg = Debug|Any CPU
		{1B5BF75D-A275-437E-A648-E652A526D76B}.Debug|Any CPU.Build.0 = Debug|Any CPU
		{1B5BF75D-A275-437E-A648-E652A526D76B}.Release|Any CPU.ActiveCfg = Release|Any CPU
		{1B5BF75D-A275-437E-A648-E652A526D76B}.Release|Any CPU.Build.0 = Release|Any CPU
	EndGlobalSection
	GlobalSection(SolutionProperties) = preSolution
		HideSolutionNode = FALSE
	EndGlobalSection
	GlobalSection(ExtensibilityGlobals) = postSolution
		SolutionGuid = {D4C108E2-F10D-45ED-9EDF-897424581888}
	EndGlobalSection
EndGlobal
