
Microsoft Visual Studio Solution File, Format Version 12.00
# Visual Studio Version 17
VisualStudioVersion = 17.11.35219.272
MinimumVisualStudioVersion = 10.0.40219.1
Project("{FAE04EC0-301F-11D3-BF4B-00C04F79EFBC}") = "Task_1", "Task_1\Task_1.csproj", "{BD035D98-ABA7-4D7B-9AB4-F257FC87B6BE}"
EndProject
Project("{FAE04EC0-301F-11D3-BF4B-00C04F79EFBC}") = "Task_2", "Task_2\Task_2.csproj", "{BFCADEB6-B8A6-4FCD-A832-5090B5C1DCAB}"
EndProject
Project("{FAE04EC0-301F-11D3-BF4B-00C04F79EFBC}") = "Task_3", "Task_3\Task_3.csproj", "{FFEA9C77-2544-4F6B-9C3A-83B4D3E829F0}"
EndProject
Project("{FAE04EC0-301F-11D3-BF4B-00C04F79EFBC}") = "Task_4", "Task_4\Task_4.csproj", "{99A5EE1B-F319-42FB-BCBF-06F27F33A5D4}"
EndProject
Project("{FAE04EC0-301F-11D3-BF4B-00C04F79EFBC}") = "Task_5", "Task_5\Task_5.csproj", "{75415A4E-FF76-4C46-8ED0-5555E9869040}"
EndProject
Project("{FAE04EC0-301F-11D3-BF4B-00C04F79EFBC}") = "Task_6", "Task_6\Task_6.csproj", "{079980AD-7B4D-46C9-99DC-4C23CD0B1E64}"
EndProject
Project("{FAE04EC0-301F-11D3-BF4B-00C04F79EFBC}") = "Task_7", "Task_7\Task_7.csproj", "{7AEA215A-CD2F-41C4-8119-94E39C9992A3}"
EndProject
Project("{FAE04EC0-301F-11D3-BF4B-00C04F79EFBC}") = "Task_8", "Task_8\Task_8.csproj", "{8829F183-7237-4E8D-A130-839222EB6048}"
EndProject
Project("{FAE04EC0-301F-11D3-BF4B-00C04F79EFBC}") = "Task_9", "Task_9\Task_9.csproj", "{C3EF2901-16D0-4B2A-AB93-40354694CF0F}"
EndProject
Project("{FAE04EC0-301F-11D3-BF4B-00C04F79EFBC}") = "Task_10", "Task_10\Task_10.csproj", "{71C3AC8A-3D75-4CFB-999D-CC7C7031A400}"
EndProject
Project("{FAE04EC0-301F-11D3-BF4B-00C04F79EFBC}") = "Task_11", "Task_11\Task_11.csproj", "{D4BC3A8C-684C-4A2F-BE50-4C23D4E01891}"
EndProject
Project("{FAE04EC0-301F-11D3-BF4B-00C04F79EFBC}") = "Task_12", "Task_12\Task_12.csproj", "{5635E1C9-9949-422F-95F8-1A603866CF7C}"
EndProject
Global
	GlobalSection(SolutionConfigurationPlatforms) = preSolution
		Debug|Any CPU = Debug|Any CPU
		Release|Any CPU = Release|Any CPU
	EndGlobalSection
	GlobalSection(ProjectConfigurationPlatforms) = postSolution
		{BD035D98-ABA7-4D7B-9AB4-F257FC87B6BE}.Debug|Any CPU.ActiveCfg = Debug|Any CPU
		{BD035D98-ABA7-4D7B-9AB4-F257FC87B6BE}.Debug|Any CPU.Build.0 = Debug|Any CPU
		{BD035D98-ABA7-4D7B-9AB4-F257FC87B6BE}.Release|Any CPU.ActiveCfg = Release|Any CPU
		{BD035D98-ABA7-4D7B-9AB4-F257FC87B6BE}.Release|Any CPU.Build.0 = Release|Any CPU
		{BFCADEB6-B8A6-4FCD-A832-5090B5C1DCAB}.Debug|Any CPU.ActiveCfg = Debug|Any CPU
		{BFCADEB6-B8A6-4FCD-A832-5090B5C1DCAB}.Debug|Any CPU.Build.0 = Debug|Any CPU
		{BFCADEB6-B8A6-4FCD-A832-5090B5C1DCAB}.Release|Any CPU.ActiveCfg = Release|Any CPU
		{BFCADEB6-B8A6-4FCD-A832-5090B5C1DCAB}.Release|Any CPU.Build.0 = Release|Any CPU
		{FFEA9C77-2544-4F6B-9C3A-83B4D3E829F0}.Debug|Any CPU.ActiveCfg = Debug|Any CPU
		{FFEA9C77-2544-4F6B-9C3A-83B4D3E829F0}.Debug|Any CPU.Build.0 = Debug|Any CPU
		{FFEA9C77-2544-4F6B-9C3A-83B4D3E829F0}.Release|Any CPU.ActiveCfg = Release|Any CPU
		{FFEA9C77-2544-4F6B-9C3A-83B4D3E829F0}.Release|Any CPU.Build.0 = Release|Any CPU
		{99A5EE1B-F319-42FB-BCBF-06F27F33A5D4}.Debug|Any CPU.ActiveCfg = Debug|Any CPU
		{99A5EE1B-F319-42FB-BCBF-06F27F33A5D4}.Debug|Any CPU.Build.0 = Debug|Any CPU
		{99A5EE1B-F319-42FB-BCBF-06F27F33A5D4}.Release|Any CPU.ActiveCfg = Release|Any CPU
		{99A5EE1B-F319-42FB-BCBF-06F27F33A5D4}.Release|Any CPU.Build.0 = Release|Any CPU
		{75415A4E-FF76-4C46-8ED0-5555E9869040}.Debug|Any CPU.ActiveCfg = Debug|Any CPU
		{75415A4E-FF76-4C46-8ED0-5555E9869040}.Debug|Any CPU.Build.0 = Debug|Any CPU
		{75415A4E-FF76-4C46-8ED0-5555E9869040}.Release|Any CPU.ActiveCfg = Release|Any CPU
		{75415A4E-FF76-4C46-8ED0-5555E9869040}.Release|Any CPU.Build.0 = Release|Any CPU
		{079980AD-7B4D-46C9-99DC-4C23CD0B1E64}.Debug|Any CPU.ActiveCfg = Debug|Any CPU
		{079980AD-7B4D-46C9-99DC-4C23CD0B1E64}.Debug|Any CPU.Build.0 = Debug|Any CPU
		{079980AD-7B4D-46C9-99DC-4C23CD0B1E64}.Release|Any CPU.ActiveCfg = Release|Any CPU
		{079980AD-7B4D-46C9-99DC-4C23CD0B1E64}.Release|Any CPU.Build.0 = Release|Any CPU
		{7AEA215A-CD2F-41C4-8119-94E39C9992A3}.Debug|Any CPU.ActiveCfg = Debug|Any CPU
		{7AEA215A-CD2F-41C4-8119-94E39C9992A3}.Debug|Any CPU.Build.0 = Debug|Any CPU
		{7AEA215A-CD2F-41C4-8119-94E39C9992A3}.Release|Any CPU.ActiveCfg = Release|Any CPU
		{7AEA215A-CD2F-41C4-8119-94E39C9992A3}.Release|Any CPU.Build.0 = Release|Any CPU
		{8829F183-7237-4E8D-A130-839222EB6048}.Debug|Any CPU.ActiveCfg = Debug|Any CPU
		{8829F183-7237-4E8D-A130-839222EB6048}.Debug|Any CPU.Build.0 = Debug|Any CPU
		{8829F183-7237-4E8D-A130-839222EB6048}.Release|Any CPU.ActiveCfg = Release|Any CPU
		{8829F183-7237-4E8D-A130-839222EB6048}.Release|Any CPU.Build.0 = Release|Any CPU
		{C3EF2901-16D0-4B2A-AB93-40354694CF0F}.Debug|Any CPU.ActiveCfg = Debug|Any CPU
		{C3EF2901-16D0-4B2A-AB93-40354694CF0F}.Debug|Any CPU.Build.0 = Debug|Any CPU
		{C3EF2901-16D0-4B2A-AB93-40354694CF0F}.Release|Any CPU.ActiveCfg = Release|Any CPU
		{C3EF2901-16D0-4B2A-AB93-40354694CF0F}.Release|Any CPU.Build.0 = Release|Any CPU
		{71C3AC8A-3D75-4CFB-999D-CC7C7031A400}.Debug|Any CPU.ActiveCfg = Debug|Any CPU
		{71C3AC8A-3D75-4CFB-999D-CC7C7031A400}.Debug|Any CPU.Build.0 = Debug|Any CPU
		{71C3AC8A-3D75-4CFB-999D-CC7C7031A400}.Release|Any CPU.ActiveCfg = Release|Any CPU
		{71C3AC8A-3D75-4CFB-999D-CC7C7031A400}.Release|Any CPU.Build.0 = Release|Any CPU
		{D4BC3A8C-684C-4A2F-BE50-4C23D4E01891}.Debug|Any CPU.ActiveCfg = Debug|Any CPU
		{D4BC3A8C-684C-4A2F-BE50-4C23D4E01891}.Debug|Any CPU.Build.0 = Debug|Any CPU
		{D4BC3A8C-684C-4A2F-BE50-4C23D4E01891}.Release|Any CPU.ActiveCfg = Release|Any CPU
		{D4BC3A8C-684C-4A2F-BE50-4C23D4E01891}.Release|Any CPU.Build.0 = Release|Any CPU
		{5635E1C9-9949-422F-95F8-1A603866CF7C}.Debug|Any CPU.ActiveCfg = Debug|Any CPU
		{5635E1C9-9949-422F-95F8-1A603866CF7C}.Debug|Any CPU.Build.0 = Debug|Any CPU
		{5635E1C9-9949-422F-95F8-1A603866CF7C}.Release|Any CPU.ActiveCfg = Release|Any CPU
		{5635E1C9-9949-422F-95F8-1A603866CF7C}.Release|Any CPU.Build.0 = Release|Any CPU
	EndGlobalSection
	GlobalSection(SolutionProperties) = preSolution
		HideSolutionNode = FALSE
	EndGlobalSection
	GlobalSection(ExtensibilityGlobals) = postSolution
		SolutionGuid = {74009A97-D5AD-4D2C-8FAF-7617E16D531C}
	EndGlobalSection
EndGlobal
