
Microsoft Visual Studio Solution File, Format Version 12.00
# Visual Studio Version 17
VisualStudioVersion = 17.11.35219.272
MinimumVisualStudioVersion = 10.0.40219.1
Project("{FAE04EC0-301F-11D3-BF4B-00C04F79EFBC}") = "Task_1", "Task_1\Task_1.csproj", "{5635E1C9-9949-422F-95F8-1A603866CF7C}"
EndProject
Project("{FAE04EC0-301F-11D3-BF4B-00C04F79EFBC}") = "Task_2", "Task_2\Task_2.csproj", "{1EC8F9EE-A34D-409D-B5EA-BB96B9CD3AB4}"
EndProject
Project("{FAE04EC0-301F-11D3-BF4B-00C04F79EFBC}") = "Task_3", "Task_3\Task_3.csproj", "{CD1D2FF2-D9E8-4F5D-AF7A-A513F425A0E8}"
EndProject
Global
	GlobalSection(SolutionConfigurationPlatforms) = preSolution
		Debug|Any CPU = Debug|Any CPU
		Release|Any CPU = Release|Any CPU
	EndGlobalSection
	GlobalSection(ProjectConfigurationPlatforms) = postSolution
		{5635E1C9-9949-422F-95F8-1A603866CF7C}.Debug|Any CPU.ActiveCfg = Debug|Any CPU
		{5635E1C9-9949-422F-95F8-1A603866CF7C}.Debug|Any CPU.Build.0 = Debug|Any CPU
		{5635E1C9-9949-422F-95F8-1A603866CF7C}.Release|Any CPU.ActiveCfg = Release|Any CPU
		{5635E1C9-9949-422F-95F8-1A603866CF7C}.Release|Any CPU.Build.0 = Release|Any CPU
		{1EC8F9EE-A34D-409D-B5EA-BB96B9CD3AB4}.Debug|Any CPU.ActiveCfg = Debug|Any CPU
		{1EC8F9EE-A34D-409D-B5EA-BB96B9CD3AB4}.Debug|Any CPU.Build.0 = Debug|Any CPU
		{1EC8F9EE-A34D-409D-B5EA-BB96B9CD3AB4}.Release|Any CPU.ActiveCfg = Release|Any CPU
		{1EC8F9EE-A34D-409D-B5EA-BB96B9CD3AB4}.Release|Any CPU.Build.0 = Release|Any CPU
		{CD1D2FF2-D9E8-4F5D-AF7A-A513F425A0E8}.Debug|Any CPU.ActiveCfg = Debug|Any CPU
		{CD1D2FF2-D9E8-4F5D-AF7A-A513F425A0E8}.Debug|Any CPU.Build.0 = Debug|Any CPU
		{CD1D2FF2-D9E8-4F5D-AF7A-A513F425A0E8}.Release|Any CPU.ActiveCfg = Release|Any CPU
		{CD1D2FF2-D9E8-4F5D-AF7A-A513F425A0E8}.Release|Any CPU.Build.0 = Release|Any CPU
	EndGlobalSection
	GlobalSection(SolutionProperties) = preSolution
		HideSolutionNode = FALSE
	EndGlobalSection
	GlobalSection(ExtensibilityGlobals) = postSolution
		SolutionGuid = {C37BA7E5-8ABA-49F6-82BF-6C1D11DBBF85}
	EndGlobalSection
EndGlobal
