
Microsoft Visual Studio Solution File, Format Version 12.00
# Visual Studio Version 17
VisualStudioVersion = 17.11.35219.272
MinimumVisualStudioVersion = 10.0.40219.1
Project("{FAE04EC0-301F-11D3-BF4B-00C04F79EFBC}") = "Task_1", "Task_1\Task_1.csproj", "{93E9A361-1E78-46ED-986C-B7B774ED97AB}"
EndProject
Project("{FAE04EC0-301F-11D3-BF4B-00C04F79EFBC}") = "Task_2", "Task_2\Task_2.csproj", "{5A31A4BC-6091-4871-ACE7-1E7B03A5E9AE}"
EndProject
Project("{FAE04EC0-301F-11D3-BF4B-00C04F79EFBC}") = "Task_3", "Task_3\Task_3.csproj", "{931E1BC8-A0A8-4D4D-9735-2E870CB1C788}"
EndProject
Project("{FAE04EC0-301F-11D3-BF4B-00C04F79EFBC}") = "Task_4", "Task_4\Task_4.csproj", "{941927DA-1F89-4B47-9DF3-94C5E909E361}"
EndProject
Project("{FAE04EC0-301F-11D3-BF4B-00C04F79EFBC}") = "Task_5", "Task_5\Task_5.csproj", "{455141C6-9AF6-46BB-89AE-BA0678E0155E}"
EndProject
Project("{FAE04EC0-301F-11D3-BF4B-00C04F79EFBC}") = "Task_6", "Task_6\Task_6.csproj", "{37882AAA-C83A-4E7A-9982-C2BBC97B24DB}"
EndProject
Project("{FAE04EC0-301F-11D3-BF4B-00C04F79EFBC}") = "Task_7", "Task_7\Task_7.csproj", "{06484FFF-9B44-4F2F-8E59-8029DEE5E4DA}"
EndProject
Project("{FAE04EC0-301F-11D3-BF4B-00C04F79EFBC}") = "Task_8", "Task_8\Task_8.csproj", "{D514BDE7-E2E8-4A1A-A2B8-DD965443B477}"
EndProject
Project("{FAE04EC0-301F-11D3-BF4B-00C04F79EFBC}") = "Task_9", "Task_9\Task_9.csproj", "{691DBEB1-813C-4B58-AF29-B418CD6319A5}"
EndProject
Project("{FAE04EC0-301F-11D3-BF4B-00C04F79EFBC}") = "Task_10", "Task_10\Task_10.csproj", "{E624C9CD-2D24-4837-BF6C-B8C4578529B3}"
EndProject
Global
	GlobalSection(SolutionConfigurationPlatforms) = preSolution
		Debug|Any CPU = Debug|Any CPU
		Release|Any CPU = Release|Any CPU
	EndGlobalSection
	GlobalSection(ProjectConfigurationPlatforms) = postSolution
		{93E9A361-1E78-46ED-986C-B7B774ED97AB}.Debug|Any CPU.ActiveCfg = Debug|Any CPU
		{93E9A361-1E78-46ED-986C-B7B774ED97AB}.Debug|Any CPU.Build.0 = Debug|Any CPU
		{93E9A361-1E78-46ED-986C-B7B774ED97AB}.Release|Any CPU.ActiveCfg = Release|Any CPU
		{93E9A361-1E78-46ED-986C-B7B774ED97AB}.Release|Any CPU.Build.0 = Release|Any CPU
		{5A31A4BC-6091-4871-ACE7-1E7B03A5E9AE}.Debug|Any CPU.ActiveCfg = Debug|Any CPU
		{5A31A4BC-6091-4871-ACE7-1E7B03A5E9AE}.Debug|Any CPU.Build.0 = Debug|Any CPU
		{5A31A4BC-6091-4871-ACE7-1E7B03A5E9AE}.Release|Any CPU.ActiveCfg = Release|Any CPU
		{5A31A4BC-6091-4871-ACE7-1E7B03A5E9AE}.Release|Any CPU.Build.0 = Release|Any CPU
		{931E1BC8-A0A8-4D4D-9735-2E870CB1C788}.Debug|Any CPU.ActiveCfg = Debug|Any CPU
		{931E1BC8-A0A8-4D4D-9735-2E870CB1C788}.Debug|Any CPU.Build.0 = Debug|Any CPU
		{931E1BC8-A0A8-4D4D-9735-2E870CB1C788}.Release|Any CPU.ActiveCfg = Release|Any CPU
		{931E1BC8-A0A8-4D4D-9735-2E870CB1C788}.Release|Any CPU.Build.0 = Release|Any CPU
		{941927DA-1F89-4B47-9DF3-94C5E909E361}.Debug|Any CPU.ActiveCfg = Debug|Any CPU
		{941927DA-1F89-4B47-9DF3-94C5E909E361}.Debug|Any CPU.Build.0 = Debug|Any CPU
		{941927DA-1F89-4B47-9DF3-94C5E909E361}.Release|Any CPU.ActiveCfg = Release|Any CPU
		{941927DA-1F89-4B47-9DF3-94C5E909E361}.Release|Any CPU.Build.0 = Release|Any CPU
		{455141C6-9AF6-46BB-89AE-BA0678E0155E}.Debug|Any CPU.ActiveCfg = Debug|Any CPU
		{455141C6-9AF6-46BB-89AE-BA0678E0155E}.Debug|Any CPU.Build.0 = Debug|Any CPU
		{455141C6-9AF6-46BB-89AE-BA0678E0155E}.Release|Any CPU.ActiveCfg = Release|Any CPU
		{455141C6-9AF6-46BB-89AE-BA0678E0155E}.Release|Any CPU.Build.0 = Release|Any CPU
		{37882AAA-C83A-4E7A-9982-C2BBC97B24DB}.Debug|Any CPU.ActiveCfg = Debug|Any CPU
		{37882AAA-C83A-4E7A-9982-C2BBC97B24DB}.Debug|Any CPU.Build.0 = Debug|Any CPU
		{37882AAA-C83A-4E7A-9982-C2BBC97B24DB}.Release|Any CPU.ActiveCfg = Release|Any CPU
		{37882AAA-C83A-4E7A-9982-C2BBC97B24DB}.Release|Any CPU.Build.0 = Release|Any CPU
		{06484FFF-9B44-4F2F-8E59-8029DEE5E4DA}.Debug|Any CPU.ActiveCfg = Debug|Any CPU
		{06484FFF-9B44-4F2F-8E59-8029DEE5E4DA}.Debug|Any CPU.Build.0 = Debug|Any CPU
		{06484FFF-9B44-4F2F-8E59-8029DEE5E4DA}.Release|Any CPU.ActiveCfg = Release|Any CPU
		{06484FFF-9B44-4F2F-8E59-8029DEE5E4DA}.Release|Any CPU.Build.0 = Release|Any CPU
		{D514BDE7-E2E8-4A1A-A2B8-DD965443B477}.Debug|Any CPU.ActiveCfg = Debug|Any CPU
		{D514BDE7-E2E8-4A1A-A2B8-DD965443B477}.Debug|Any CPU.Build.0 = Debug|Any CPU
		{D514BDE7-E2E8-4A1A-A2B8-DD965443B477}.Release|Any CPU.ActiveCfg = Release|Any CPU
		{D514BDE7-E2E8-4A1A-A2B8-DD965443B477}.Release|Any CPU.Build.0 = Release|Any CPU
		{691DBEB1-813C-4B58-AF29-B418CD6319A5}.Debug|Any CPU.ActiveCfg = Debug|Any CPU
		{691DBEB1-813C-4B58-AF29-B418CD6319A5}.Debug|Any CPU.Build.0 = Debug|Any CPU
		{691DBEB1-813C-4B58-AF29-B418CD6319A5}.Release|Any CPU.ActiveCfg = Release|Any CPU
		{691DBEB1-813C-4B58-AF29-B418CD6319A5}.Release|Any CPU.Build.0 = Release|Any CPU
		{E624C9CD-2D24-4837-BF6C-B8C4578529B3}.Debug|Any CPU.ActiveCfg = Debug|Any CPU
		{E624C9CD-2D24-4837-BF6C-B8C4578529B3}.Debug|Any CPU.Build.0 = Debug|Any CPU
		{E624C9CD-2D24-4837-BF6C-B8C4578529B3}.Release|Any CPU.ActiveCfg = Release|Any CPU
		{E624C9CD-2D24-4837-BF6C-B8C4578529B3}.Release|Any CPU.Build.0 = Release|Any CPU
	EndGlobalSection
	GlobalSection(SolutionProperties) = preSolution
		HideSolutionNode = FALSE
	EndGlobalSection
	GlobalSection(ExtensibilityGlobals) = postSolution
		SolutionGuid = {2DB9A831-28A0-4BF5-BA79-CEDD9EA65249}
	EndGlobalSection
EndGlobal
